
Microsoft Visual Studio Solution File, Format Version 12.00
# Visual Studio Version 16
VisualStudioVersion = 16.0.31129.286
MinimumVisualStudioVersion = 10.0.40219.1
Project("{FAE04EC0-301F-11D3-BF4B-00C04F79EFBC}") = "dll-bundling-test", "dll-bundling-test.csproj", "{B8DA4A1D-A88D-4E03-9F50-0028BD3606C4}"
EndProject
Global
	GlobalSection(SolutionConfigurationPlatforms) = preSolution
		Debug|Any CPU = Debug|Any CPU
		Release|Any CPU = Release|Any CPU
	EndGlobalSection
	GlobalSection(ProjectConfigurationPlatforms) = postSolution
		{B8DA4A1D-A88D-4E03-9F50-0028BD3606C4}.Debug|Any CPU.ActiveCfg = Debug|Any CPU
		{B8DA4A1D-A88D-4E03-9F50-0028BD3606C4}.Debug|Any CPU.Build.0 = Debug|Any CPU
		{B8DA4A1D-A88D-4E03-9F50-0028BD3606C4}.Release|Any CPU.ActiveCfg = Release|Any CPU
		{B8DA4A1D-A88D-4E03-9F50-0028BD3606C4}.Release|Any CPU.Build.0 = Release|Any CPU
	EndGlobalSection
	GlobalSection(SolutionProperties) = preSolution
		HideSolutionNode = FALSE
	EndGlobalSection
	GlobalSection(ExtensibilityGlobals) = postSolution
		SolutionGuid = {54028F55-2DFE-4754-82E8-36BC4C44D96C}
	EndGlobalSection
EndGlobal
